
Microsoft Visual Studio Solution File, Format Version 12.00
# Visual Studio Version 16
VisualStudioVersion = 16.0.30711.63
MinimumVisualStudioVersion = 10.0.40219.1
Project("{FAE04EC0-301F-11D3-BF4B-00C04F79EFBC}") = "terrible", "terrible\terrible.csproj", "{3AF446BB-7458-41D1-BA55-77AEB84F7985}"
EndProject
Global
	GlobalSection(SolutionConfigurationPlatforms) = preSolution
		Debug|Any CPU = Debug|Any CPU
		Release|Any CPU = Release|Any CPU
	EndGlobalSection
	GlobalSection(ProjectConfigurationPlatforms) = postSolution
		{3AF446BB-7458-41D1-BA55-77AEB84F7985}.Debug|Any CPU.ActiveCfg = Debug|Any CPU
		{3AF446BB-7458-41D1-BA55-77AEB84F7985}.Debug|Any CPU.Build.0 = Debug|Any CPU
		{3AF446BB-7458-41D1-BA55-77AEB84F7985}.Release|Any CPU.ActiveCfg = Release|Any CPU
		{3AF446BB-7458-41D1-BA55-77AEB84F7985}.Release|Any CPU.Build.0 = Release|Any CPU
	EndGlobalSection
	GlobalSection(SolutionProperties) = preSolution
		HideSolutionNode = FALSE
	EndGlobalSection
	GlobalSection(ExtensibilityGlobals) = postSolution
		SolutionGuid = {DC644B52-3155-4F86-8625-89568EEE895B}
	EndGlobalSection
EndGlobal
